// !$*UTF8*$!
{
	archiveVersion = 1;
	classes = {
	};
	objectVersion = 50;
	objects = {

/* Begin PBXBuildFile section */
		2F0622D24619C0C06FAC4ED5 /* Pods_Mi_Log.framework in Frameworks */ = {isa = PBXBuildFile; fileRef = 75F85371B66847A064C3E4D9 /* Pods_Mi_Log.framework */; };
		8ADA60C96CA6964B77A2AA57 /* Pods_Mi_LogTests.framework in Frameworks */ = {isa = PBXBuildFile; fileRef = 97AAD3E29A048E1637A9CB73 /* Pods_Mi_LogTests.framework */; };
		B5898BBE220405D100F815E1 /* AppDelegate.swift in Sources */ = {isa = PBXBuildFile; fileRef = B5898BBD220405D100F815E1 /* AppDelegate.swift */; };
		B5898BC0220405D100F815E1 /* ViewController.swift in Sources */ = {isa = PBXBuildFile; fileRef = B5898BBF220405D100F815E1 /* ViewController.swift */; };
		B5898BC3220405D100F815E1 /* Main.storyboard in Resources */ = {isa = PBXBuildFile; fileRef = B5898BC1220405D100F815E1 /* Main.storyboard */; };
		B5898BC5220405DC00F815E1 /* Assets.xcassets in Resources */ = {isa = PBXBuildFile; fileRef = B5898BC4220405DC00F815E1 /* Assets.xcassets */; };
		B5898BC8220405DC00F815E1 /* LaunchScreen.storyboard in Resources */ = {isa = PBXBuildFile; fileRef = B5898BC6220405DC00F815E1 /* LaunchScreen.storyboard */; };
		B5898BD3220405DC00F815E1 /* Mi_LogTests.swift in Sources */ = {isa = PBXBuildFile; fileRef = B5898BD2220405DC00F815E1 /* Mi_LogTests.swift */; };
		B5898BDE220405DC00F815E1 /* Mi_LogUITests.swift in Sources */ = {isa = PBXBuildFile; fileRef = B5898BDD220405DC00F815E1 /* Mi_LogUITests.swift */; };
		B5898BEE2204A24F00F815E1 /* GoogleService-Info.plist in Resources */ = {isa = PBXBuildFile; fileRef = B5898BED2204A24F00F815E1 /* GoogleService-Info.plist */; };
		FE58A095CE194F234BA651F2 /* Pods_Mi_LogUITests.framework in Frameworks */ = {isa = PBXBuildFile; fileRef = 6CE37416E86625885C040DA3 /* Pods_Mi_LogUITests.framework */; };
/* End PBXBuildFile section */

/* Begin PBXContainerItemProxy section */
		B5898BCF220405DC00F815E1 /* PBXContainerItemProxy */ = {
			isa = PBXContainerItemProxy;
			containerPortal = B5898BB2220405D100F815E1 /* Project object */;
			proxyType = 1;
			remoteGlobalIDString = B5898BB9220405D100F815E1;
			remoteInfo = "Mi-Log";
		};
		B5898BDA220405DC00F815E1 /* PBXContainerItemProxy */ = {
			isa = PBXContainerItemProxy;
			containerPortal = B5898BB2220405D100F815E1 /* Project object */;
			proxyType = 1;
			remoteGlobalIDString = B5898BB9220405D100F815E1;
			remoteInfo = "Mi-Log";
		};
/* End PBXContainerItemProxy section */

/* Begin PBXFileReference section */
		1A514B877FEC18AE07D181D3 /* Pods-Mi-LogTests.debug.xcconfig */ = {isa = PBXFileReference; includeInIndex = 1; lastKnownFileType = text.xcconfig; name = "Pods-Mi-LogTests.debug.xcconfig"; path = "Pods/Target Support Files/Pods-Mi-LogTests/Pods-Mi-LogTests.debug.xcconfig"; sourceTree = "<group>"; };
		4A7BBF4997D8F090F801E9A5 /* Pods-Mi-LogUITests.release.xcconfig */ = {isa = PBXFileReference; includeInIndex = 1; lastKnownFileType = text.xcconfig; name = "Pods-Mi-LogUITests.release.xcconfig"; path = "Pods/Target Support Files/Pods-Mi-LogUITests/Pods-Mi-LogUITests.release.xcconfig"; sourceTree = "<group>"; };
		52F1FA21CBA306BADA659264 /* Pods-Mi-Log.release.xcconfig */ = {isa = PBXFileReference; includeInIndex = 1; lastKnownFileType = text.xcconfig; name = "Pods-Mi-Log.release.xcconfig"; path = "Pods/Target Support Files/Pods-Mi-Log/Pods-Mi-Log.release.xcconfig"; sourceTree = "<group>"; };
		6CE37416E86625885C040DA3 /* Pods_Mi_LogUITests.framework */ = {isa = PBXFileReference; explicitFileType = wrapper.framework; includeInIndex = 0; path = Pods_Mi_LogUITests.framework; sourceTree = BUILT_PRODUCTS_DIR; };
		75F85371B66847A064C3E4D9 /* Pods_Mi_Log.framework */ = {isa = PBXFileReference; explicitFileType = wrapper.framework; includeInIndex = 0; path = Pods_Mi_Log.framework; sourceTree = BUILT_PRODUCTS_DIR; };
		97AAD3E29A048E1637A9CB73 /* Pods_Mi_LogTests.framework */ = {isa = PBXFileReference; explicitFileType = wrapper.framework; includeInIndex = 0; path = Pods_Mi_LogTests.framework; sourceTree = BUILT_PRODUCTS_DIR; };
		9D11030F377B76C4602C3171 /* Pods-Mi-Log.debug.xcconfig */ = {isa = PBXFileReference; includeInIndex = 1; lastKnownFileType = text.xcconfig; name = "Pods-Mi-Log.debug.xcconfig"; path = "Pods/Target Support Files/Pods-Mi-Log/Pods-Mi-Log.debug.xcconfig"; sourceTree = "<group>"; };
		A23B30B582285FE4D162EB10 /* Pods-Mi-LogUITests.debug.xcconfig */ = {isa = PBXFileReference; includeInIndex = 1; lastKnownFileType = text.xcconfig; name = "Pods-Mi-LogUITests.debug.xcconfig"; path = "Pods/Target Support Files/Pods-Mi-LogUITests/Pods-Mi-LogUITests.debug.xcconfig"; sourceTree = "<group>"; };
		B5898BBA220405D100F815E1 /* Mi-Log.app */ = {isa = PBXFileReference; explicitFileType = wrapper.application; includeInIndex = 0; path = "Mi-Log.app"; sourceTree = BUILT_PRODUCTS_DIR; };
		B5898BBD220405D100F815E1 /* AppDelegate.swift */ = {isa = PBXFileReference; lastKnownFileType = sourcecode.swift; path = AppDelegate.swift; sourceTree = "<group>"; };
		B5898BBF220405D100F815E1 /* ViewController.swift */ = {isa = PBXFileReference; lastKnownFileType = sourcecode.swift; path = ViewController.swift; sourceTree = "<group>"; };
		B5898BC2220405D100F815E1 /* Base */ = {isa = PBXFileReference; lastKnownFileType = file.storyboard; name = Base; path = Base.lproj/Main.storyboard; sourceTree = "<group>"; };
		B5898BC4220405DC00F815E1 /* Assets.xcassets */ = {isa = PBXFileReference; lastKnownFileType = folder.assetcatalog; path = Assets.xcassets; sourceTree = "<group>"; };
		B5898BC7220405DC00F815E1 /* Base */ = {isa = PBXFileReference; lastKnownFileType = file.storyboard; name = Base; path = Base.lproj/LaunchScreen.storyboard; sourceTree = "<group>"; };
		B5898BC9220405DC00F815E1 /* Info.plist */ = {isa = PBXFileReference; lastKnownFileType = text.plist.xml; path = Info.plist; sourceTree = "<group>"; };
		B5898BCE220405DC00F815E1 /* Mi-LogTests.xctest */ = {isa = PBXFileReference; explicitFileType = wrapper.cfbundle; includeInIndex = 0; path = "Mi-LogTests.xctest"; sourceTree = BUILT_PRODUCTS_DIR; };
		B5898BD2220405DC00F815E1 /* Mi_LogTests.swift */ = {isa = PBXFileReference; lastKnownFileType = sourcecode.swift; path = Mi_LogTests.swift; sourceTree = "<group>"; };
		B5898BD4220405DC00F815E1 /* Info.plist */ = {isa = PBXFileReference; lastKnownFileType = text.plist.xml; path = Info.plist; sourceTree = "<group>"; };
		B5898BD9220405DC00F815E1 /* Mi-LogUITests.xctest */ = {isa = PBXFileReference; explicitFileType = wrapper.cfbundle; includeInIndex = 0; path = "Mi-LogUITests.xctest"; sourceTree = BUILT_PRODUCTS_DIR; };
		B5898BDD220405DC00F815E1 /* Mi_LogUITests.swift */ = {isa = PBXFileReference; lastKnownFileType = sourcecode.swift; path = Mi_LogUITests.swift; sourceTree = "<group>"; };
		B5898BDF220405DC00F815E1 /* Info.plist */ = {isa = PBXFileReference; lastKnownFileType = text.plist.xml; path = Info.plist; sourceTree = "<group>"; };
		B5898BED2204A24F00F815E1 /* GoogleService-Info.plist */ = {isa = PBXFileReference; fileEncoding = 4; lastKnownFileType = text.plist.xml; name = "GoogleService-Info.plist"; path = "../../../../../../Downloads/GoogleService-Info.plist"; sourceTree = "<group>"; };
		C115368AAD1FA5FF6EB4AFDA /* Pods-Mi-LogTests.release.xcconfig */ = {isa = PBXFileReference; includeInIndex = 1; lastKnownFileType = text.xcconfig; name = "Pods-Mi-LogTests.release.xcconfig"; path = "Pods/Target Support Files/Pods-Mi-LogTests/Pods-Mi-LogTests.release.xcconfig"; sourceTree = "<group>"; };
/* End PBXFileReference section */

/* Begin PBXFrameworksBuildPhase section */
		B5898BB7220405D100F815E1 /* Frameworks */ = {
			isa = PBXFrameworksBuildPhase;
			buildActionMask = 2147483647;
			files = (
				2F0622D24619C0C06FAC4ED5 /* Pods_Mi_Log.framework in Frameworks */,
			);
			runOnlyForDeploymentPostprocessing = 0;
		};
		B5898BCB220405DC00F815E1 /* Frameworks */ = {
			isa = PBXFrameworksBuildPhase;
			buildActionMask = 2147483647;
			files = (
				8ADA60C96CA6964B77A2AA57 /* Pods_Mi_LogTests.framework in Frameworks */,
			);
			runOnlyForDeploymentPostprocessing = 0;
		};
		B5898BD6220405DC00F815E1 /* Frameworks */ = {
			isa = PBXFrameworksBuildPhase;
			buildActionMask = 2147483647;
			files = (
				FE58A095CE194F234BA651F2 /* Pods_Mi_LogUITests.framework in Frameworks */,
			);
			runOnlyForDeploymentPostprocessing = 0;
		};
/* End PBXFrameworksBuildPhase section */

/* Begin PBXGroup section */
		247D278D78996099E6AF9F73 /* Frameworks */ = {
			isa = PBXGroup;
			children = (
				75F85371B66847A064C3E4D9 /* Pods_Mi_Log.framework */,
				97AAD3E29A048E1637A9CB73 /* Pods_Mi_LogTests.framework */,
				6CE37416E86625885C040DA3 /* Pods_Mi_LogUITests.framework */,
			);
			name = Frameworks;
			sourceTree = "<group>";
		};
		A39078D0D7025979F8A3153A /* Pods */ = {
			isa = PBXGroup;
			children = (
				9D11030F377B76C4602C3171 /* Pods-Mi-Log.debug.xcconfig */,
				52F1FA21CBA306BADA659264 /* Pods-Mi-Log.release.xcconfig */,
				1A514B877FEC18AE07D181D3 /* Pods-Mi-LogTests.debug.xcconfig */,
				C115368AAD1FA5FF6EB4AFDA /* Pods-Mi-LogTests.release.xcconfig */,
				A23B30B582285FE4D162EB10 /* Pods-Mi-LogUITests.debug.xcconfig */,
				4A7BBF4997D8F090F801E9A5 /* Pods-Mi-LogUITests.release.xcconfig */,
			);
			name = Pods;
			sourceTree = "<group>";
		};
		B5898BB1220405D100F815E1 = {
			isa = PBXGroup;
			children = (
				B5898BBC220405D100F815E1 /* Mi-Log */,
				B5898BD1220405DC00F815E1 /* Mi-LogTests */,
				B5898BDC220405DC00F815E1 /* Mi-LogUITests */,
				B5898BBB220405D100F815E1 /* Products */,
				A39078D0D7025979F8A3153A /* Pods */,
				247D278D78996099E6AF9F73 /* Frameworks */,
			);
			sourceTree = "<group>";
		};
		B5898BBB220405D100F815E1 /* Products */ = {
			isa = PBXGroup;
			children = (
				B5898BBA220405D100F815E1 /* Mi-Log.app */,
				B5898BCE220405DC00F815E1 /* Mi-LogTests.xctest */,
				B5898BD9220405DC00F815E1 /* Mi-LogUITests.xctest */,
			);
			name = Products;
			sourceTree = "<group>";
		};
		B5898BBC220405D100F815E1 /* Mi-Log */ = {
			isa = PBXGroup;
			children = (
				B5898BBD220405D100F815E1 /* AppDelegate.swift */,
				B5898BBF220405D100F815E1 /* ViewController.swift */,
				B5898BC1220405D100F815E1 /* Main.storyboard */,
				B5898BC4220405DC00F815E1 /* Assets.xcassets */,
				B5898BC6220405DC00F815E1 /* LaunchScreen.storyboard */,
				B5898BC9220405DC00F815E1 /* Info.plist */,
				B5898BED2204A24F00F815E1 /* GoogleService-Info.plist */,
			);
			path = "Mi-Log";
			sourceTree = "<group>";
		};
		B5898BD1220405DC00F815E1 /* Mi-LogTests */ = {
			isa = PBXGroup;
			children = (
				B5898BD2220405DC00F815E1 /* Mi_LogTests.swift */,
				B5898BD4220405DC00F815E1 /* Info.plist */,
			);
			path = "Mi-LogTests";
			sourceTree = "<group>";
		};
		B5898BDC220405DC00F815E1 /* Mi-LogUITests */ = {
			isa = PBXGroup;
			children = (
				B5898BDD220405DC00F815E1 /* Mi_LogUITests.swift */,
				B5898BDF220405DC00F815E1 /* Info.plist */,
			);
			path = "Mi-LogUITests";
			sourceTree = "<group>";
		};
/* End PBXGroup section */

/* Begin PBXNativeTarget section */
		B5898BB9220405D100F815E1 /* Mi-Log */ = {
			isa = PBXNativeTarget;
			buildConfigurationList = B5898BE2220405DC00F815E1 /* Build configuration list for PBXNativeTarget "Mi-Log" */;
			buildPhases = (
				0ED8C0B12B3CED7ED4B87088 /* [CP] Check Pods Manifest.lock */,
				B5898BB6220405D100F815E1 /* Sources */,
				B5898BB7220405D100F815E1 /* Frameworks */,
				B5898BB8220405D100F815E1 /* Resources */,
				6B69874E2CCF225246F91054 /* [CP] Embed Pods Frameworks */,
			);
			buildRules = (
			);
			dependencies = (
			);
			name = "Mi-Log";
			productName = "Mi-Log";
			productReference = B5898BBA220405D100F815E1 /* Mi-Log.app */;
			productType = "com.apple.product-type.application";
		};
		B5898BCD220405DC00F815E1 /* Mi-LogTests */ = {
			isa = PBXNativeTarget;
			buildConfigurationList = B5898BE5220405DC00F815E1 /* Build configuration list for PBXNativeTarget "Mi-LogTests" */;
			buildPhases = (
				0C58372E2A7A67094869382C /* [CP] Check Pods Manifest.lock */,
				B5898BCA220405DC00F815E1 /* Sources */,
				B5898BCB220405DC00F815E1 /* Frameworks */,
				B5898BCC220405DC00F815E1 /* Resources */,
			);
			buildRules = (
			);
			dependencies = (
				B5898BD0220405DC00F815E1 /* PBXTargetDependency */,
			);
			name = "Mi-LogTests";
			productName = "Mi-LogTests";
			productReference = B5898BCE220405DC00F815E1 /* Mi-LogTests.xctest */;
			productType = "com.apple.product-type.bundle.unit-test";
		};
		B5898BD8220405DC00F815E1 /* Mi-LogUITests */ = {
			isa = PBXNativeTarget;
			buildConfigurationList = B5898BE8220405DC00F815E1 /* Build configuration list for PBXNativeTarget "Mi-LogUITests" */;
			buildPhases = (
				A43E4C7780B598A9AE9F06B1 /* [CP] Check Pods Manifest.lock */,
				B5898BD5220405DC00F815E1 /* Sources */,
				B5898BD6220405DC00F815E1 /* Frameworks */,
				B5898BD7220405DC00F815E1 /* Resources */,
			);
			buildRules = (
			);
			dependencies = (
				B5898BDB220405DC00F815E1 /* PBXTargetDependency */,
			);
			name = "Mi-LogUITests";
			productName = "Mi-LogUITests";
			productReference = B5898BD9220405DC00F815E1 /* Mi-LogUITests.xctest */;
			productType = "com.apple.product-type.bundle.ui-testing";
		};
/* End PBXNativeTarget section */

/* Begin PBXProject section */
		B5898BB2220405D100F815E1 /* Project object */ = {
			isa = PBXProject;
			attributes = {
				LastSwiftUpdateCheck = 1010;
				LastUpgradeCheck = 1010;
				ORGANIZATIONNAME = "Mi-Log";
				TargetAttributes = {
					B5898BB9220405D100F815E1 = {
						CreatedOnToolsVersion = 10.1;
					};
					B5898BCD220405DC00F815E1 = {
						CreatedOnToolsVersion = 10.1;
						TestTargetID = B5898BB9220405D100F815E1;
					};
					B5898BD8220405DC00F815E1 = {
						CreatedOnToolsVersion = 10.1;
						TestTargetID = B5898BB9220405D100F815E1;
					};
				};
			};
			buildConfigurationList = B5898BB5220405D100F815E1 /* Build configuration list for PBXProject "Mi-Log" */;
			compatibilityVersion = "Xcode 9.3";
			developmentRegion = en;
			hasScannedForEncodings = 0;
			knownRegions = (
				en,
				Base,
			);
			mainGroup = B5898BB1220405D100F815E1;
			productRefGroup = B5898BBB220405D100F815E1 /* Products */;
			projectDirPath = "";
			projectRoot = "";
			targets = (
				B5898BB9220405D100F815E1 /* Mi-Log */,
				B5898BCD220405DC00F815E1 /* Mi-LogTests */,
				B5898BD8220405DC00F815E1 /* Mi-LogUITests */,
			);
		};
/* End PBXProject section */

/* Begin PBXResourcesBuildPhase section */
		B5898BB8220405D100F815E1 /* Resources */ = {
			isa = PBXResourcesBuildPhase;
			buildActionMask = 2147483647;
			files = (
				B5898BC8220405DC00F815E1 /* LaunchScreen.storyboard in Resources */,
				B5898BEE2204A24F00F815E1 /* GoogleService-Info.plist in Resources */,
				B5898BC5220405DC00F815E1 /* Assets.xcassets in Resources */,
				B5898BC3220405D100F815E1 /* Main.storyboard in Resources */,
			);
			runOnlyForDeploymentPostprocessing = 0;
		};
		B5898BCC220405DC00F815E1 /* Resources */ = {
			isa = PBXResourcesBuildPhase;
			buildActionMask = 2147483647;
			files = (
			);
			runOnlyForDeploymentPostprocessing = 0;
		};
		B5898BD7220405DC00F815E1 /* Resources */ = {
			isa = PBXResourcesBuildPhase;
			buildActionMask = 2147483647;
			files = (
			);
			runOnlyForDeploymentPostprocessing = 0;
		};
/* End PBXResourcesBuildPhase section */

/* Begin PBXShellScriptBuildPhase section */
		0C58372E2A7A67094869382C /* [CP] Check Pods Manifest.lock */ = {
			isa = PBXShellScriptBuildPhase;
			buildActionMask = 2147483647;
			files = (
			);
			inputFileListPaths = (
			);
			inputPaths = (
				"${PODS_PODFILE_DIR_PATH}/Podfile.lock",
				"${PODS_ROOT}/Manifest.lock",
			);
			name = "[CP] Check Pods Manifest.lock";
			outputFileListPaths = (
			);
			outputPaths = (
				"$(DERIVED_FILE_DIR)/Pods-Mi-LogTests-checkManifestLockResult.txt",
			);
			runOnlyForDeploymentPostprocessing = 0;
			shellPath = /bin/sh;
			shellScript = "diff \"${PODS_PODFILE_DIR_PATH}/Podfile.lock\" \"${PODS_ROOT}/Manifest.lock\" > /dev/null\nif [ $? != 0 ] ; then\n    # print error to STDERR\n    echo \"error: The sandbox is not in sync with the Podfile.lock. Run 'pod install' or update your CocoaPods installation.\" >&2\n    exit 1\nfi\n# This output is used by Xcode 'outputs' to avoid re-running this script phase.\necho \"SUCCESS\" > \"${SCRIPT_OUTPUT_FILE_0}\"\n";
			showEnvVarsInLog = 0;
		};
		0ED8C0B12B3CED7ED4B87088 /* [CP] Check Pods Manifest.lock */ = {
			isa = PBXShellScriptBuildPhase;
			buildActionMask = 2147483647;
			files = (
			);
			inputFileListPaths = (
			);
			inputPaths = (
				"${PODS_PODFILE_DIR_PATH}/Podfile.lock",
				"${PODS_ROOT}/Manifest.lock",
			);
			name = "[CP] Check Pods Manifest.lock";
			outputFileListPaths = (
			);
			outputPaths = (
				"$(DERIVED_FILE_DIR)/Pods-Mi-Log-checkManifestLockResult.txt",
			);
			runOnlyForDeploymentPostprocessing = 0;
			shellPath = /bin/sh;
			shellScript = "diff \"${PODS_PODFILE_DIR_PATH}/Podfile.lock\" \"${PODS_ROOT}/Manifest.lock\" > /dev/null\nif [ $? != 0 ] ; then\n    # print error to STDERR\n    echo \"error: The sandbox is not in sync with the Podfile.lock. Run 'pod install' or update your CocoaPods installation.\" >&2\n    exit 1\nfi\n# This output is used by Xcode 'outputs' to avoid re-running this script phase.\necho \"SUCCESS\" > \"${SCRIPT_OUTPUT_FILE_0}\"\n";
			showEnvVarsInLog = 0;
		};
		6B69874E2CCF225246F91054 /* [CP] Embed Pods Frameworks */ = {
			isa = PBXShellScriptBuildPhase;
			buildActionMask = 2147483647;
			files = (
			);
			inputFileListPaths = (
			);
			inputPaths = (
				"${PODS_ROOT}/Target Support Files/Pods-Mi-Log/Pods-Mi-Log-frameworks.sh",
				"${BUILT_PRODUCTS_DIR}/GoogleUtilities/GoogleUtilities.framework",
				"${BUILT_PRODUCTS_DIR}/leveldb-library/leveldb.framework",
				"${BUILT_PRODUCTS_DIR}/nanopb/nanopb.framework",
			);
			name = "[CP] Embed Pods Frameworks";
			outputFileListPaths = (
			);
			outputPaths = (
				"${TARGET_BUILD_DIR}/${FRAMEWORKS_FOLDER_PATH}/GoogleUtilities.framework",
				"${TARGET_BUILD_DIR}/${FRAMEWORKS_FOLDER_PATH}/leveldb.framework",
				"${TARGET_BUILD_DIR}/${FRAMEWORKS_FOLDER_PATH}/nanopb.framework",
			);
			runOnlyForDeploymentPostprocessing = 0;
			shellPath = /bin/sh;
			shellScript = "\"${PODS_ROOT}/Target Support Files/Pods-Mi-Log/Pods-Mi-Log-frameworks.sh\"\n";
			showEnvVarsInLog = 0;
		};
		A43E4C7780B598A9AE9F06B1 /* [CP] Check Pods Manifest.lock */ = {
			isa = PBXShellScriptBuildPhase;
			buildActionMask = 2147483647;
			files = (
			);
			inputFileListPaths = (
			);
			inputPaths = (
				"${PODS_PODFILE_DIR_PATH}/Podfile.lock",
				"${PODS_ROOT}/Manifest.lock",
			);
			name = "[CP] Check Pods Manifest.lock";
			outputFileListPaths = (
			);
			outputPaths = (
				"$(DERIVED_FILE_DIR)/Pods-Mi-LogUITests-checkManifestLockResult.txt",
			);
			runOnlyForDeploymentPostprocessing = 0;
			shellPath = /bin/sh;
			shellScript = "diff \"${PODS_PODFILE_DIR_PATH}/Podfile.lock\" \"${PODS_ROOT}/Manifest.lock\" > /dev/null\nif [ $? != 0 ] ; then\n    # print error to STDERR\n    echo \"error: The sandbox is not in sync with the Podfile.lock. Run 'pod install' or update your CocoaPods installation.\" >&2\n    exit 1\nfi\n# This output is used by Xcode 'outputs' to avoid re-running this script phase.\necho \"SUCCESS\" > \"${SCRIPT_OUTPUT_FILE_0}\"\n";
			showEnvVarsInLog = 0;
		};
/* End PBXShellScriptBuildPhase section */

/* Begin PBXSourcesBuildPhase section */
		B5898BB6220405D100F815E1 /* Sources */ = {
			isa = PBXSourcesBuildPhase;
			buildActionMask = 2147483647;
			files = (
				B5898BC0220405D100F815E1 /* ViewController.swift in Sources */,
				B5898BBE220405D100F815E1 /* AppDelegate.swift in Sources */,
			);
			runOnlyForDeploymentPostprocessing = 0;
		};
		B5898BCA220405DC00F815E1 /* Sources */ = {
			isa = PBXSourcesBuildPhase;
			buildActionMask = 2147483647;
			files = (
				B5898BD3220405DC00F815E1 /* Mi_LogTests.swift in Sources */,
			);
			runOnlyForDeploymentPostprocessing = 0;
		};
		B5898BD5220405DC00F815E1 /* Sources */ = {
			isa = PBXSourcesBuildPhase;
			buildActionMask = 2147483647;
			files = (
				B5898BDE220405DC00F815E1 /* Mi_LogUITests.swift in Sources */,
			);
			runOnlyForDeploymentPostprocessing = 0;
		};
/* End PBXSourcesBuildPhase section */

/* Begin PBXTargetDependency section */
		B5898BD0220405DC00F815E1 /* PBXTargetDependency */ = {
			isa = PBXTargetDependency;
			target = B5898BB9220405D100F815E1 /* Mi-Log */;
			targetProxy = B5898BCF220405DC00F815E1 /* PBXContainerItemProxy */;
		};
		B5898BDB220405DC00F815E1 /* PBXTargetDependency */ = {
			isa = PBXTargetDependency;
			target = B5898BB9220405D100F815E1 /* Mi-Log */;
			targetProxy = B5898BDA220405DC00F815E1 /* PBXContainerItemProxy */;
		};
/* End PBXTargetDependency section */

/* Begin PBXVariantGroup section */
		B5898BC1220405D100F815E1 /* Main.storyboard */ = {
			isa = PBXVariantGroup;
			children = (
				B5898BC2220405D100F815E1 /* Base */,
			);
			name = Main.storyboard;
			sourceTree = "<group>";
		};
		B5898BC6220405DC00F815E1 /* LaunchScreen.storyboard */ = {
			isa = PBXVariantGroup;
			children = (
				B5898BC7220405DC00F815E1 /* Base */,
			);
			name = LaunchScreen.storyboard;
			sourceTree = "<group>";
		};
/* End PBXVariantGroup section */

/* Begin XCBuildConfiguration section */
		B5898BE0220405DC00F815E1 /* Debug */ = {
			isa = XCBuildConfiguration;
			buildSettings = {
				ALWAYS_SEARCH_USER_PATHS = NO;
				CLANG_ANALYZER_NONNULL = YES;
				CLANG_ANALYZER_NUMBER_OBJECT_CONVERSION = YES_AGGRESSIVE;
				CLANG_CXX_LANGUAGE_STANDARD = "gnu++14";
				CLANG_CXX_LIBRARY = "libc++";
				CLANG_ENABLE_MODULES = YES;
				CLANG_ENABLE_OBJC_ARC = YES;
				CLANG_ENABLE_OBJC_WEAK = YES;
				CLANG_WARN_BLOCK_CAPTURE_AUTORELEASING = YES;
				CLANG_WARN_BOOL_CONVERSION = YES;
				CLANG_WARN_COMMA = YES;
				CLANG_WARN_CONSTANT_CONVERSION = YES;
				CLANG_WARN_DEPRECATED_OBJC_IMPLEMENTATIONS = YES;
				CLANG_WARN_DIRECT_OBJC_ISA_USAGE = YES_ERROR;
				CLANG_WARN_DOCUMENTATION_COMMENTS = YES;
				CLANG_WARN_EMPTY_BODY = YES;
				CLANG_WARN_ENUM_CONVERSION = YES;
				CLANG_WARN_INFINITE_RECURSION = YES;
				CLANG_WARN_INT_CONVERSION = YES;
				CLANG_WARN_NON_LITERAL_NULL_CONVERSION = YES;
				CLANG_WARN_OBJC_IMPLICIT_RETAIN_SELF = YES;
				CLANG_WARN_OBJC_LITERAL_CONVERSION = YES;
				CLANG_WARN_OBJC_ROOT_CLASS = YES_ERROR;
				CLANG_WARN_RANGE_LOOP_ANALYSIS = YES;
				CLANG_WARN_STRICT_PROTOTYPES = YES;
				CLANG_WARN_SUSPICIOUS_MOVE = YES;
				CLANG_WARN_UNGUARDED_AVAILABILITY = YES_AGGRESSIVE;
				CLANG_WARN_UNREACHABLE_CODE = YES;
				CLANG_WARN__DUPLICATE_METHOD_MATCH = YES;
				CODE_SIGN_IDENTITY = "iPhone Developer";
				COPY_PHASE_STRIP = NO;
				DEBUG_INFORMATION_FORMAT = dwarf;
				ENABLE_STRICT_OBJC_MSGSEND = YES;
				ENABLE_TESTABILITY = YES;
				GCC_C_LANGUAGE_STANDARD = gnu11;
				GCC_DYNAMIC_NO_PIC = NO;
				GCC_NO_COMMON_BLOCKS = YES;
				GCC_OPTIMIZATION_LEVEL = 0;
				GCC_PREPROCESSOR_DEFINITIONS = (
					"DEBUG=1",
					"$(inherited)",
				);
				GCC_WARN_64_TO_32_BIT_CONVERSION = YES;
				GCC_WARN_ABOUT_RETURN_TYPE = YES_ERROR;
				GCC_WARN_UNDECLARED_SELECTOR = YES;
				GCC_WARN_UNINITIALIZED_AUTOS = YES_AGGRESSIVE;
				GCC_WARN_UNUSED_FUNCTION = YES;
				GCC_WARN_UNUSED_VARIABLE = YES;
				IPHONEOS_DEPLOYMENT_TARGET = 12.1;
				MTL_ENABLE_DEBUG_INFO = INCLUDE_SOURCE;
				MTL_FAST_MATH = YES;
				ONLY_ACTIVE_ARCH = YES;
				SDKROOT = iphoneos;
				SWIFT_ACTIVE_COMPILATION_CONDITIONS = DEBUG;
				SWIFT_OPTIMIZATION_LEVEL = "-Onone";
			};
			name = Debug;
		};
		B5898BE1220405DC00F815E1 /* Release */ = {
			isa = XCBuildConfiguration;
			buildSettings = {
				ALWAYS_SEARCH_USER_PATHS = NO;
				CLANG_ANALYZER_NONNULL = YES;
				CLANG_ANALYZER_NUMBER_OBJECT_CONVERSION = YES_AGGRESSIVE;
				CLANG_CXX_LANGUAGE_STANDARD = "gnu++14";
				CLANG_CXX_LIBRARY = "libc++";
				CLANG_ENABLE_MODULES = YES;
				CLANG_ENABLE_OBJC_ARC = YES;
				CLANG_ENABLE_OBJC_WEAK = YES;
				CLANG_WARN_BLOCK_CAPTURE_AUTORELEASING = YES;
				CLANG_WARN_BOOL_CONVERSION = YES;
				CLANG_WARN_COMMA = YES;
				CLANG_WARN_CONSTANT_CONVERSION = YES;
				CLANG_WARN_DEPRECATED_OBJC_IMPLEMENTATIONS = YES;
				CLANG_WARN_DIRECT_OBJC_ISA_USAGE = YES_ERROR;
				CLANG_WARN_DOCUMENTATION_COMMENTS = YES;
				CLANG_WARN_EMPTY_BODY = YES;
				CLANG_WARN_ENUM_CONVERSION = YES;
				CLANG_WARN_INFINITE_RECURSION = YES;
				CLANG_WARN_INT_CONVERSION = YES;
				CLANG_WARN_NON_LITERAL_NULL_CONVERSION = YES;
				CLANG_WARN_OBJC_IMPLICIT_RETAIN_SELF = YES;
				CLANG_WARN_OBJC_LITERAL_CONVERSION = YES;
				CLANG_WARN_OBJC_ROOT_CLASS = YES_ERROR;
				CLANG_WARN_RANGE_LOOP_ANALYSIS = YES;
				CLANG_WARN_STRICT_PROTOTYPES = YES;
				CLANG_WARN_SUSPICIOUS_MOVE = YES;
				CLANG_WARN_UNGUARDED_AVAILABILITY = YES_AGGRESSIVE;
				CLANG_WARN_UNREACHABLE_CODE = YES;
				CLANG_WARN__DUPLICATE_METHOD_MATCH = YES;
				CODE_SIGN_IDENTITY = "iPhone Developer";
				COPY_PHASE_STRIP = NO;
				DEBUG_INFORMATION_FORMAT = "dwarf-with-dsym";
				ENABLE_NS_ASSERTIONS = NO;
				ENABLE_STRICT_OBJC_MSGSEND = YES;
				GCC_C_LANGUAGE_STANDARD = gnu11;
				GCC_NO_COMMON_BLOCKS = YES;
				GCC_WARN_64_TO_32_BIT_CONVERSION = YES;
				GCC_WARN_ABOUT_RETURN_TYPE = YES_ERROR;
				GCC_WARN_UNDECLARED_SELECTOR = YES;
				GCC_WARN_UNINITIALIZED_AUTOS = YES_AGGRESSIVE;
				GCC_WARN_UNUSED_FUNCTION = YES;
				GCC_WARN_UNUSED_VARIABLE = YES;
				IPHONEOS_DEPLOYMENT_TARGET = 12.1;
				MTL_ENABLE_DEBUG_INFO = NO;
				MTL_FAST_MATH = YES;
				SDKROOT = iphoneos;
				SWIFT_COMPILATION_MODE = wholemodule;
				SWIFT_OPTIMIZATION_LEVEL = "-O";
				VALIDATE_PRODUCT = YES;
			};
			name = Release;
		};
		B5898BE3220405DC00F815E1 /* Debug */ = {
			isa = XCBuildConfiguration;
			baseConfigurationReference = 9D11030F377B76C4602C3171 /* Pods-Mi-Log.debug.xcconfig */;
			buildSettings = {
				ASSETCATALOG_COMPILER_APPICON_NAME = AppIcon;
				CODE_SIGN_STYLE = Automatic;
				DEVELOPMENT_TEAM = 5AQ7732QU3;
				INFOPLIST_FILE = "Mi-Log/Info.plist";
				LD_RUNPATH_SEARCH_PATHS = (
					"$(inherited)",
					"@executable_path/Frameworks",
				);
				PRODUCT_BUNDLE_IDENTIFIER = "com.milog.Mi-Log";
				PRODUCT_NAME = "$(TARGET_NAME)";
				SWIFT_VERSION = 4.2;
				TARGETED_DEVICE_FAMILY = "1,2";
			};
			name = Debug;
		};
		B5898BE4220405DC00F815E1 /* Release */ = {
			isa = XCBuildConfiguration;
			baseConfigurationReference = 52F1FA21CBA306BADA659264 /* Pods-Mi-Log.release.xcconfig */;
			buildSettings = {
				ASSETCATALOG_COMPILER_APPICON_NAME = AppIcon;
				CODE_SIGN_STYLE = Automatic;
				DEVELOPMENT_TEAM = 5AQ7732QU3;
				INFOPLIST_FILE = "Mi-Log/Info.plist";
				LD_RUNPATH_SEARCH_PATHS = (
					"$(inherited)",
					"@executable_path/Frameworks",
				);
				PRODUCT_BUNDLE_IDENTIFIER = "com.milog.Mi-Log";
				PRODUCT_NAME = "$(TARGET_NAME)";
				SWIFT_VERSION = 4.2;
				TARGETED_DEVICE_FAMILY = "1,2";
			};
			name = Release;
		};
		B5898BE6220405DC00F815E1 /* Debug */ = {
			isa = XCBuildConfiguration;
			baseConfigurationReference = 1A514B877FEC18AE07D181D3 /* Pods-Mi-LogTests.debug.xcconfig */;
			buildSettings = {
				ALWAYS_EMBED_SWIFT_STANDARD_LIBRARIES = YES;
				BUNDLE_LOADER = "$(TEST_HOST)";
				CODE_SIGN_STYLE = Automatic;
				DEVELOPMENT_TEAM = 5AQ7732QU3;
				INFOPLIST_FILE = "Mi-LogTests/Info.plist";
				LD_RUNPATH_SEARCH_PATHS = (
					"$(inherited)",
					"@executable_path/Frameworks",
					"@loader_path/Frameworks",
				);
				PRODUCT_BUNDLE_IDENTIFIER = "com.milog.Mi-LogTests";
				PRODUCT_NAME = "$(TARGET_NAME)";
				SWIFT_VERSION = 4.2;
				TARGETED_DEVICE_FAMILY = "1,2";
				TEST_HOST = "$(BUILT_PRODUCTS_DIR)/Mi-Log.app/Mi-Log";
			};
			name = Debug;
		};
		B5898BE7220405DC00F815E1 /* Release */ = {
			isa = XCBuildConfiguration;
			baseConfigurationReference = C115368AAD1FA5FF6EB4AFDA /* Pods-Mi-LogTests.release.xcconfig */;
			buildSettings = {
				ALWAYS_EMBED_SWIFT_STANDARD_LIBRARIES = YES;
				BUNDLE_LOADER = "$(TEST_HOST)";
				CODE_SIGN_STYLE = Automatic;
				DEVELOPMENT_TEAM = 5AQ7732QU3;
				INFOPLIST_FILE = "Mi-LogTests/Info.plist";
				LD_RUNPATH_SEARCH_PATHS = (
					"$(inherited)",
					"@executable_path/Frameworks",
					"@loader_path/Frameworks",
				);
				PRODUCT_BUNDLE_IDENTIFIER = "com.milog.Mi-LogTests";
				PRODUCT_NAME = "$(TARGET_NAME)";
				SWIFT_VERSION = 4.2;
				TARGETED_DEVICE_FAMILY = "1,2";
				TEST_HOST = "$(BUILT_PRODUCTS_DIR)/Mi-Log.app/Mi-Log";
			};
			name = Release;
		};
		B5898BE9220405DC00F815E1 /* Debug */ = {
			isa = XCBuildConfiguration;
			baseConfigurationReference = A23B30B582285FE4D162EB10 /* Pods-Mi-LogUITests.debug.xcconfig */;
			buildSettings = {
				ALWAYS_EMBED_SWIFT_STANDARD_LIBRARIES = YES;
				CODE_SIGN_STYLE = Automatic;
				DEVELOPMENT_TEAM = 5AQ7732QU3;
				INFOPLIST_FILE = "Mi-LogUITests/Info.plist";
				LD_RUNPATH_SEARCH_PATHS = (
					"$(inherited)",
					"@executable_path/Frameworks",
					"@loader_path/Frameworks",
				);
				PRODUCT_BUNDLE_IDENTIFIER = "com.milog.Mi-LogUITests";
				PRODUCT_NAME = "$(TARGET_NAME)";
				SWIFT_VERSION = 4.2;
				TARGETED_DEVICE_FAMILY = "1,2";
				TEST_TARGET_NAME = "Mi-Log";
			};
			name = Debug;
		};
		B5898BEA220405DC00F815E1 /* Release */ = {
			isa = XCBuildConfiguration;
			baseConfigurationReference = 4A7BBF4997D8F090F801E9A5 /* Pods-Mi-LogUITests.release.xcconfig */;
			buildSettings = {
				ALWAYS_EMBED_SWIFT_STANDARD_LIBRARIES = YES;
				CODE_SIGN_STYLE = Automatic;
				DEVELOPMENT_TEAM = 5AQ7732QU3;
				INFOPLIST_FILE = "Mi-LogUITests/Info.plist";
				LD_RUNPATH_SEARCH_PATHS = (
					"$(inherited)",
					"@executable_path/Frameworks",
					"@loader_path/Frameworks",
				);
				PRODUCT_BUNDLE_IDENTIFIER = "com.milog.Mi-LogUITests";
				PRODUCT_NAME = "$(TARGET_NAME)";
				SWIFT_VERSION = 4.2;
				TARGETED_DEVICE_FAMILY = "1,2";
				TEST_TARGET_NAME = "Mi-Log";
			};
			name = Release;
		};
/* End XCBuildConfiguration section */

/* Begin XCConfigurationList section */
		B5898BB5220405D100F815E1 /* Build configuration list for PBXProject "Mi-Log" */ = {
			isa = XCConfigurationList;
			buildConfigurations = (
				B5898BE0220405DC00F815E1 /* Debug */,
				B5898BE1220405DC00F815E1 /* Release */,
			);
			defaultConfigurationIsVisible = 0;
			defaultConfigurationName = Release;
		};
		B5898BE2220405DC00F815E1 /* Build configuration list for PBXNativeTarget "Mi-Log" */ = {
			isa = XCConfigurationList;
			buildConfigurations = (
				B5898BE3220405DC00F815E1 /* Debug */,
				B5898BE4220405DC00F815E1 /* Release */,
			);
			defaultConfigurationIsVisible = 0;
			defaultConfigurationName = Release;
		};
		B5898BE5220405DC00F815E1 /* Build configuration list for PBXNativeTarget "Mi-LogTests" */ = {
			isa = XCConfigurationList;
			buildConfigurations = (
				B5898BE6220405DC00F815E1 /* Debug */,
				B5898BE7220405DC00F815E1 /* Release */,
			);
			defaultConfigurationIsVisible = 0;
			defaultConfigurationName = Release;
		};
		B5898BE8220405DC00F815E1 /* Build configuration list for PBXNativeTarget "Mi-LogUITests" */ = {
			isa = XCConfigurationList;
			buildConfigurations = (
				B5898BE9220405DC00F815E1 /* Debug */,
				B5898BEA220405DC00F815E1 /* Release */,
			);
			defaultConfigurationIsVisible = 0;
			defaultConfigurationName = Release;
		};
/* End XCConfigurationList section */
	};
	rootObject = B5898BB2220405D100F815E1 /* Project object */;
}
